
Microsoft Visual Studio Solution File, Format Version 12.00
Project("{2150E333-8FDC-42A3-9474-1A3956D46DE8}") = "src", "src", "{E89D576C-B9A6-4E48-B6CE-582EEF0C3843}"
EndProject
Project("{FAE04EC0-301F-11D3-BF4B-00C04F79EFBC}") = "BzsOIDC.Idp", "src\BzsOIDC.Idp\BzsOIDC.Idp.csproj", "{5FA2F30D-0071-435E-A36D-38B079DE8FC2}"
EndProject
Project("{2150E333-8FDC-42A3-9474-1A3956D46DE8}") = "Shared", "Shared", "{5779985F-D919-41AC-A0E3-34B58E32D754}"
EndProject
Project("{FAE04EC0-301F-11D3-BF4B-00C04F79EFBC}") = "BzsOIDC.Shared.Infrastructure", "src\Shared\BzsOIDC.Shared.Infrastructure\BzsOIDC.Shared.Infrastructure.csproj", "{492EBAE6-05B6-400B-A47C-D8517F6ECD4E}"
EndProject
Project("{FAE04EC0-301F-11D3-BF4B-00C04F79EFBC}") = "BzsOIDC.AppHost", "src\BzsOIDC.AppHost\BzsOIDC.AppHost.csproj", "{95B3D948-35B9-4F4F-915F-6A3692709542}"
EndProject
Project("{FAE04EC0-301F-11D3-BF4B-00C04F79EFBC}") = "BzsOIDC.AppHost.ServiceDefaults", "src\BzsOIDC.AppHost.ServiceDefaults\BzsOIDC.AppHost.ServiceDefaults.csproj", "{A2CD40D1-06A6-4B6B-9A97-61B8190926D3}"
EndProject
Project("{2150E333-8FDC-42A3-9474-1A3956D46DE8}") = "tests", "tests", "{0AB3BF05-4346-4AA6-1389-037BE0695223}"
EndProject
Project("{FAE04EC0-301F-11D3-BF4B-00C04F79EFBC}") = "BzsOIDC.Idp.UnitTests", "tests\BzsOIDC.Idp.UnitTests\BzsOIDC.Idp.UnitTests.csproj", "{AF828796-EA4C-49BA-9611-DC81E849D064}"
EndProject
Project("{FAE04EC0-301F-11D3-BF4B-00C04F79EFBC}") = "BzsOIDC.Idp.IntegrationTests", "tests\BzsOIDC.Idp.IntegrationTests\BzsOIDC.Idp.IntegrationTests.csproj", "{D63B6D4F-BB7F-4C42-B012-57763DDA954C}"
EndProject
Project("{FAE04EC0-301F-11D3-BF4B-00C04F79EFBC}") = "BzsOIDC.Idp.Client", "src\BzsOIDC.Idp.Client\BzsOIDC.Idp.Client.csproj", "{3657B0FE-2B8E-467A-9A2F-96A265D4F873}"
EndProject
Project("{FAE04EC0-301F-11D3-BF4B-00C04F79EFBC}") = "BzsOIDC.Idp.Migrator", "src\BzsOIDC.Idp.Migrator\BzsOIDC.Idp.Migrator.csproj", "{1C71025B-C0F2-4DA1-9F74-23F2D687E960}"
EndProject
Project("{FAE04EC0-301F-11D3-BF4B-00C04F79EFBC}") = "BzsOIDC.Idp.E2ETests", "tests\BzsOIDC.Idp.E2ETests\BzsOIDC.Idp.E2ETests.csproj", "{B0A2E764-713D-4F67-ACE1-1362E62E8D44}"
EndProject
Project("{FAE04EC0-301F-11D3-BF4B-00C04F79EFBC}") = "BzsOIDC.Contracts", "src\BzsOIDC.Contracts\BzsOIDC.Contracts.csproj", "{9341BEC4-F892-4195-B6AC-8A723FCFD115}"
EndProject
Global
	GlobalSection(SolutionConfigurationPlatforms) = preSolution
		Debug|Any CPU = Debug|Any CPU
		Debug|x64 = Debug|x64
		Debug|x86 = Debug|x86
		Release|Any CPU = Release|Any CPU
		Release|x64 = Release|x64
		Release|x86 = Release|x86
	EndGlobalSection
	GlobalSection(ProjectConfigurationPlatforms) = postSolution
		{5FA2F30D-0071-435E-A36D-38B079DE8FC2}.Debug|Any CPU.ActiveCfg = Debug|Any CPU
		{5FA2F30D-0071-435E-A36D-38B079DE8FC2}.Debug|Any CPU.Build.0 = Debug|Any CPU
		{5FA2F30D-0071-435E-A36D-38B079DE8FC2}.Debug|x64.ActiveCfg = Debug|Any CPU
		{5FA2F30D-0071-435E-A36D-38B079DE8FC2}.Debug|x64.Build.0 = Debug|Any CPU
		{5FA2F30D-0071-435E-A36D-38B079DE8FC2}.Debug|x86.ActiveCfg = Debug|Any CPU
		{5FA2F30D-0071-435E-A36D-38B079DE8FC2}.Debug|x86.Build.0 = Debug|Any CPU
		{5FA2F30D-0071-435E-A36D-38B079DE8FC2}.Release|Any CPU.ActiveCfg = Release|Any CPU
		{5FA2F30D-0071-435E-A36D-38B079DE8FC2}.Release|Any CPU.Build.0 = Release|Any CPU
		{5FA2F30D-0071-435E-A36D-38B079DE8FC2}.Release|x64.ActiveCfg = Release|Any CPU
		{5FA2F30D-0071-435E-A36D-38B079DE8FC2}.Release|x64.Build.0 = Release|Any CPU
		{5FA2F30D-0071-435E-A36D-38B079DE8FC2}.Release|x86.ActiveCfg = Release|Any CPU
		{5FA2F30D-0071-435E-A36D-38B079DE8FC2}.Release|x86.Build.0 = Release|Any CPU
		{492EBAE6-05B6-400B-A47C-D8517F6ECD4E}.Debug|Any CPU.ActiveCfg = Debug|Any CPU
		{492EBAE6-05B6-400B-A47C-D8517F6ECD4E}.Debug|Any CPU.Build.0 = Debug|Any CPU
		{492EBAE6-05B6-400B-A47C-D8517F6ECD4E}.Debug|x64.ActiveCfg = Debug|Any CPU
		{492EBAE6-05B6-400B-A47C-D8517F6ECD4E}.Debug|x64.Build.0 = Debug|Any CPU
		{492EBAE6-05B6-400B-A47C-D8517F6ECD4E}.Debug|x86.ActiveCfg = Debug|Any CPU
		{492EBAE6-05B6-400B-A47C-D8517F6ECD4E}.Debug|x86.Build.0 = Debug|Any CPU
		{492EBAE6-05B6-400B-A47C-D8517F6ECD4E}.Release|Any CPU.ActiveCfg = Release|Any CPU
		{492EBAE6-05B6-400B-A47C-D8517F6ECD4E}.Release|Any CPU.Build.0 = Release|Any CPU
		{492EBAE6-05B6-400B-A47C-D8517F6ECD4E}.Release|x64.ActiveCfg = Release|Any CPU
		{492EBAE6-05B6-400B-A47C-D8517F6ECD4E}.Release|x64.Build.0 = Release|Any CPU
		{492EBAE6-05B6-400B-A47C-D8517F6ECD4E}.Release|x86.ActiveCfg = Release|Any CPU
		{492EBAE6-05B6-400B-A47C-D8517F6ECD4E}.Release|x86.Build.0 = Release|Any CPU
		{95B3D948-35B9-4F4F-915F-6A3692709542}.Debug|Any CPU.ActiveCfg = Debug|Any CPU
		{95B3D948-35B9-4F4F-915F-6A3692709542}.Debug|Any CPU.Build.0 = Debug|Any CPU
		{95B3D948-35B9-4F4F-915F-6A3692709542}.Debug|x64.ActiveCfg = Debug|Any CPU
		{95B3D948-35B9-4F4F-915F-6A3692709542}.Debug|x64.Build.0 = Debug|Any CPU
		{95B3D948-35B9-4F4F-915F-6A3692709542}.Debug|x86.ActiveCfg = Debug|Any CPU
		{95B3D948-35B9-4F4F-915F-6A3692709542}.Debug|x86.Build.0 = Debug|Any CPU
		{95B3D948-35B9-4F4F-915F-6A3692709542}.Release|Any CPU.ActiveCfg = Release|Any CPU
		{95B3D948-35B9-4F4F-915F-6A3692709542}.Release|Any CPU.Build.0 = Release|Any CPU
		{95B3D948-35B9-4F4F-915F-6A3692709542}.Release|x64.ActiveCfg = Release|Any CPU
		{95B3D948-35B9-4F4F-915F-6A3692709542}.Release|x64.Build.0 = Release|Any CPU
		{95B3D948-35B9-4F4F-915F-6A3692709542}.Release|x86.ActiveCfg = Release|Any CPU
		{95B3D948-35B9-4F4F-915F-6A3692709542}.Release|x86.Build.0 = Release|Any CPU
		{A2CD40D1-06A6-4B6B-9A97-61B8190926D3}.Debug|Any CPU.ActiveCfg = Debug|Any CPU
		{A2CD40D1-06A6-4B6B-9A97-61B8190926D3}.Debug|Any CPU.Build.0 = Debug|Any CPU
		{A2CD40D1-06A6-4B6B-9A97-61B8190926D3}.Debug|x64.ActiveCfg = Debug|Any CPU
		{A2CD40D1-06A6-4B6B-9A97-61B8190926D3}.Debug|x64.Build.0 = Debug|Any CPU
		{A2CD40D1-06A6-4B6B-9A97-61B8190926D3}.Debug|x86.ActiveCfg = Debug|Any CPU
		{A2CD40D1-06A6-4B6B-9A97-61B8190926D3}.Debug|x86.Build.0 = Debug|Any CPU
		{A2CD40D1-06A6-4B6B-9A97-61B8190926D3}.Release|Any CPU.ActiveCfg = Release|Any CPU
		{A2CD40D1-06A6-4B6B-9A97-61B8190926D3}.Release|Any CPU.Build.0 = Release|Any CPU
		{A2CD40D1-06A6-4B6B-9A97-61B8190926D3}.Release|x64.ActiveCfg = Release|Any CPU
		{A2CD40D1-06A6-4B6B-9A97-61B8190926D3}.Release|x64.Build.0 = Release|Any CPU
		{A2CD40D1-06A6-4B6B-9A97-61B8190926D3}.Release|x86.ActiveCfg = Release|Any CPU
		{A2CD40D1-06A6-4B6B-9A97-61B8190926D3}.Release|x86.Build.0 = Release|Any CPU
		{AF828796-EA4C-49BA-9611-DC81E849D064}.Debug|Any CPU.ActiveCfg = Debug|Any CPU
		{AF828796-EA4C-49BA-9611-DC81E849D064}.Debug|Any CPU.Build.0 = Debug|Any CPU
		{AF828796-EA4C-49BA-9611-DC81E849D064}.Debug|x64.ActiveCfg = Debug|Any CPU
		{AF828796-EA4C-49BA-9611-DC81E849D064}.Debug|x64.Build.0 = Debug|Any CPU
		{AF828796-EA4C-49BA-9611-DC81E849D064}.Debug|x86.ActiveCfg = Debug|Any CPU
		{AF828796-EA4C-49BA-9611-DC81E849D064}.Debug|x86.Build.0 = Debug|Any CPU
		{AF828796-EA4C-49BA-9611-DC81E849D064}.Release|Any CPU.ActiveCfg = Release|Any CPU
		{AF828796-EA4C-49BA-9611-DC81E849D064}.Release|Any CPU.Build.0 = Release|Any CPU
		{AF828796-EA4C-49BA-9611-DC81E849D064}.Release|x64.ActiveCfg = Release|Any CPU
		{AF828796-EA4C-49BA-9611-DC81E849D064}.Release|x64.Build.0 = Release|Any CPU
		{AF828796-EA4C-49BA-9611-DC81E849D064}.Release|x86.ActiveCfg = Release|Any CPU
		{AF828796-EA4C-49BA-9611-DC81E849D064}.Release|x86.Build.0 = Release|Any CPU
		{D63B6D4F-BB7F-4C42-B012-57763DDA954C}.Debug|Any CPU.ActiveCfg = Debug|Any CPU
		{D63B6D4F-BB7F-4C42-B012-57763DDA954C}.Debug|Any CPU.Build.0 = Debug|Any CPU
		{D63B6D4F-BB7F-4C42-B012-57763DDA954C}.Debug|x64.ActiveCfg = Debug|Any CPU
		{D63B6D4F-BB7F-4C42-B012-57763DDA954C}.Debug|x64.Build.0 = Debug|Any CPU
		{D63B6D4F-BB7F-4C42-B012-57763DDA954C}.Debug|x86.ActiveCfg = Debug|Any CPU
		{D63B6D4F-BB7F-4C42-B012-57763DDA954C}.Debug|x86.Build.0 = Debug|Any CPU
		{D63B6D4F-BB7F-4C42-B012-57763DDA954C}.Release|Any CPU.ActiveCfg = Release|Any CPU
		{D63B6D4F-BB7F-4C42-B012-57763DDA954C}.Release|Any CPU.Build.0 = Release|Any CPU
		{D63B6D4F-BB7F-4C42-B012-57763DDA954C}.Release|x64.ActiveCfg = Release|Any CPU
		{D63B6D4F-BB7F-4C42-B012-57763DDA954C}.Release|x64.Build.0 = Release|Any CPU
		{D63B6D4F-BB7F-4C42-B012-57763DDA954C}.Release|x86.ActiveCfg = Release|Any CPU
		{D63B6D4F-BB7F-4C42-B012-57763DDA954C}.Release|x86.Build.0 = Release|Any CPU
		{3657B0FE-2B8E-467A-9A2F-96A265D4F873}.Debug|Any CPU.ActiveCfg = Debug|Any CPU
		{3657B0FE-2B8E-467A-9A2F-96A265D4F873}.Debug|Any CPU.Build.0 = Debug|Any CPU
		{3657B0FE-2B8E-467A-9A2F-96A265D4F873}.Debug|x64.ActiveCfg = Debug|Any CPU
		{3657B0FE-2B8E-467A-9A2F-96A265D4F873}.Debug|x64.Build.0 = Debug|Any CPU
		{3657B0FE-2B8E-467A-9A2F-96A265D4F873}.Debug|x86.ActiveCfg = Debug|Any CPU
		{3657B0FE-2B8E-467A-9A2F-96A265D4F873}.Debug|x86.Build.0 = Debug|Any CPU
		{3657B0FE-2B8E-467A-9A2F-96A265D4F873}.Release|Any CPU.ActiveCfg = Release|Any CPU
		{3657B0FE-2B8E-467A-9A2F-96A265D4F873}.Release|Any CPU.Build.0 = Release|Any CPU
		{3657B0FE-2B8E-467A-9A2F-96A265D4F873}.Release|x64.ActiveCfg = Release|Any CPU
		{3657B0FE-2B8E-467A-9A2F-96A265D4F873}.Release|x64.Build.0 = Release|Any CPU
		{3657B0FE-2B8E-467A-9A2F-96A265D4F873}.Release|x86.ActiveCfg = Release|Any CPU
		{3657B0FE-2B8E-467A-9A2F-96A265D4F873}.Release|x86.Build.0 = Release|Any CPU
		{1C71025B-C0F2-4DA1-9F74-23F2D687E960}.Debug|Any CPU.ActiveCfg = Debug|Any CPU
		{1C71025B-C0F2-4DA1-9F74-23F2D687E960}.Debug|Any CPU.Build.0 = Debug|Any CPU
		{1C71025B-C0F2-4DA1-9F74-23F2D687E960}.Debug|x64.ActiveCfg = Debug|Any CPU
		{1C71025B-C0F2-4DA1-9F74-23F2D687E960}.Debug|x64.Build.0 = Debug|Any CPU
		{1C71025B-C0F2-4DA1-9F74-23F2D687E960}.Debug|x86.ActiveCfg = Debug|Any CPU
		{1C71025B-C0F2-4DA1-9F74-23F2D687E960}.Debug|x86.Build.0 = Debug|Any CPU
		{1C71025B-C0F2-4DA1-9F74-23F2D687E960}.Release|Any CPU.ActiveCfg = Release|Any CPU
		{1C71025B-C0F2-4DA1-9F74-23F2D687E960}.Release|Any CPU.Build.0 = Release|Any CPU
		{1C71025B-C0F2-4DA1-9F74-23F2D687E960}.Release|x64.ActiveCfg = Release|Any CPU
		{1C71025B-C0F2-4DA1-9F74-23F2D687E960}.Release|x64.Build.0 = Release|Any CPU
		{1C71025B-C0F2-4DA1-9F74-23F2D687E960}.Release|x86.ActiveCfg = Release|Any CPU
		{1C71025B-C0F2-4DA1-9F74-23F2D687E960}.Release|x86.Build.0 = Release|Any CPU
		{B0A2E764-713D-4F67-ACE1-1362E62E8D44}.Debug|Any CPU.ActiveCfg = Debug|Any CPU
		{B0A2E764-713D-4F67-ACE1-1362E62E8D44}.Debug|Any CPU.Build.0 = Debug|Any CPU
		{B0A2E764-713D-4F67-ACE1-1362E62E8D44}.Debug|x64.ActiveCfg = Debug|Any CPU
		{B0A2E764-713D-4F67-ACE1-1362E62E8D44}.Debug|x64.Build.0 = Debug|Any CPU
		{B0A2E764-713D-4F67-ACE1-1362E62E8D44}.Debug|x86.ActiveCfg = Debug|Any CPU
		{B0A2E764-713D-4F67-ACE1-1362E62E8D44}.Debug|x86.Build.0 = Debug|Any CPU
		{B0A2E764-713D-4F67-ACE1-1362E62E8D44}.Release|Any CPU.ActiveCfg = Release|Any CPU
		{B0A2E764-713D-4F67-ACE1-1362E62E8D44}.Release|Any CPU.Build.0 = Release|Any CPU
		{B0A2E764-713D-4F67-ACE1-1362E62E8D44}.Release|x64.ActiveCfg = Release|Any CPU
		{B0A2E764-713D-4F67-ACE1-1362E62E8D44}.Release|x64.Build.0 = Release|Any CPU
		{B0A2E764-713D-4F67-ACE1-1362E62E8D44}.Release|x86.ActiveCfg = Release|Any CPU
		{B0A2E764-713D-4F67-ACE1-1362E62E8D44}.Release|x86.Build.0 = Release|Any CPU
		{9341BEC4-F892-4195-B6AC-8A723FCFD115}.Debug|Any CPU.ActiveCfg = Debug|Any CPU
		{9341BEC4-F892-4195-B6AC-8A723FCFD115}.Debug|Any CPU.Build.0 = Debug|Any CPU
		{9341BEC4-F892-4195-B6AC-8A723FCFD115}.Debug|x64.ActiveCfg = Debug|Any CPU
		{9341BEC4-F892-4195-B6AC-8A723FCFD115}.Debug|x64.Build.0 = Debug|Any CPU
		{9341BEC4-F892-4195-B6AC-8A723FCFD115}.Debug|x86.ActiveCfg = Debug|Any CPU
		{9341BEC4-F892-4195-B6AC-8A723FCFD115}.Debug|x86.Build.0 = Debug|Any CPU
		{9341BEC4-F892-4195-B6AC-8A723FCFD115}.Release|Any CPU.ActiveCfg = Release|Any CPU
		{9341BEC4-F892-4195-B6AC-8A723FCFD115}.Release|Any CPU.Build.0 = Release|Any CPU
		{9341BEC4-F892-4195-B6AC-8A723FCFD115}.Release|x64.ActiveCfg = Release|Any CPU
		{9341BEC4-F892-4195-B6AC-8A723FCFD115}.Release|x64.Build.0 = Release|Any CPU
		{9341BEC4-F892-4195-B6AC-8A723FCFD115}.Release|x86.ActiveCfg = Release|Any CPU
		{9341BEC4-F892-4195-B6AC-8A723FCFD115}.Release|x86.Build.0 = Release|Any CPU
	EndGlobalSection
	GlobalSection(SolutionProperties) = preSolution
		HideSolutionNode = FALSE
	EndGlobalSection
	GlobalSection(NestedProjects) = preSolution
		{5FA2F30D-0071-435E-A36D-38B079DE8FC2} = {E89D576C-B9A6-4E48-B6CE-582EEF0C3843}
		{5779985F-D919-41AC-A0E3-34B58E32D754} = {E89D576C-B9A6-4E48-B6CE-582EEF0C3843}
		{492EBAE6-05B6-400B-A47C-D8517F6ECD4E} = {5779985F-D919-41AC-A0E3-34B58E32D754}
		{95B3D948-35B9-4F4F-915F-6A3692709542} = {E89D576C-B9A6-4E48-B6CE-582EEF0C3843}
		{A2CD40D1-06A6-4B6B-9A97-61B8190926D3} = {E89D576C-B9A6-4E48-B6CE-582EEF0C3843}
		{AF828796-EA4C-49BA-9611-DC81E849D064} = {0AB3BF05-4346-4AA6-1389-037BE0695223}
		{D63B6D4F-BB7F-4C42-B012-57763DDA954C} = {0AB3BF05-4346-4AA6-1389-037BE0695223}
		{3657B0FE-2B8E-467A-9A2F-96A265D4F873} = {E89D576C-B9A6-4E48-B6CE-582EEF0C3843}
		{1C71025B-C0F2-4DA1-9F74-23F2D687E960} = {E89D576C-B9A6-4E48-B6CE-582EEF0C3843}
		{B0A2E764-713D-4F67-ACE1-1362E62E8D44} = {0AB3BF05-4346-4AA6-1389-037BE0695223}
		{9341BEC4-F892-4195-B6AC-8A723FCFD115} = {E89D576C-B9A6-4E48-B6CE-582EEF0C3843}
	EndGlobalSection
EndGlobal
